
Microsoft Visual Studio Solution File, Format Version 12.00
# Visual Studio Version 17
VisualStudioVersion = 17.0.31903.59
MinimumVisualStudioVersion = 10.0.40219.1
Project("{2150E333-8FDC-42A3-9474-1A3956D46DE8}") = "src", "src", "{827E0CD3-B72D-47B6-A68D-7590B98EB39B}"
EndProject
Project("{FAE04EC0-301F-11D3-BF4B-00C04F79EFBC}") = "ATS.API", "src\ATS.API\ATS.API.csproj", "{F44119DA-328C-4872-995C-83351C84E37D}"
EndProject
Project("{FAE04EC0-301F-11D3-BF4B-00C04F79EFBC}") = "ATS.Application", "src\ATS.Application\ATS.Application.csproj", "{7CEAC06D-D50A-43C5-A9F8-96309E2FF369}"
EndProject
Project("{FAE04EC0-301F-11D3-BF4B-00C04F79EFBC}") = "ATS.Domain", "src\ATS.Domain\ATS.Domain.csproj", "{6447767F-59F0-4515-83A3-1D5036E70CEB}"
EndProject
Project("{FAE04EC0-301F-11D3-BF4B-00C04F79EFBC}") = "ATS.Infrastructure", "src\ATS.Infrastructure\ATS.Infrastructure.csproj", "{584F081C-AA31-4F7D-AA6A-66E29E881A07}"
EndProject
Project("{2150E333-8FDC-42A3-9474-1A3956D46DE8}") = "tests", "tests", "{0AB3BF05-4346-4AA6-1389-037BE0695223}"
EndProject
Project("{FAE04EC0-301F-11D3-BF4B-00C04F79EFBC}") = "ATS.Domain.UnitTests", "tests\ATS.Domain.UnitTests\ATS.Domain.UnitTests.csproj", "{886CB2CB-BC29-426C-A393-9E607CEC5DC2}"
EndProject
Project("{FAE04EC0-301F-11D3-BF4B-00C04F79EFBC}") = "ATS.Application.UnitTests", "tests\ATS.Application.UnitTests\ATS.Application.UnitTests.csproj", "{4F68DCB3-0C1B-4EC9-A97F-128CD3D7B0FA}"
EndProject
Project("{FAE04EC0-301F-11D3-BF4B-00C04F79EFBC}") = "ATS.API.IntegrationTests", "tests\ATS.API.IntegrationTests\ATS.API.IntegrationTests.csproj", "{232AD6C8-08E9-45C3-99D8-EBEE4AEE680C}"
EndProject
Project("{FAE04EC0-301F-11D3-BF4B-00C04F79EFBC}") = "ATS.ArchitectureTests", "tests\ATS.ArchitectureTests\ATS.ArchitectureTests.csproj", "{821916CA-61E6-46EB-B000-A2ED6DBB56CE}"
EndProject
Global
	GlobalSection(SolutionConfigurationPlatforms) = preSolution
		Debug|Any CPU = Debug|Any CPU
		Debug|x64 = Debug|x64
		Debug|x86 = Debug|x86
		Release|Any CPU = Release|Any CPU
		Release|x64 = Release|x64
		Release|x86 = Release|x86
	EndGlobalSection
	GlobalSection(ProjectConfigurationPlatforms) = postSolution
		{F44119DA-328C-4872-995C-83351C84E37D}.Debug|Any CPU.ActiveCfg = Debug|Any CPU
		{F44119DA-328C-4872-995C-83351C84E37D}.Debug|Any CPU.Build.0 = Debug|Any CPU
		{F44119DA-328C-4872-995C-83351C84E37D}.Debug|x64.ActiveCfg = Debug|Any CPU
		{F44119DA-328C-4872-995C-83351C84E37D}.Debug|x64.Build.0 = Debug|Any CPU
		{F44119DA-328C-4872-995C-83351C84E37D}.Debug|x86.ActiveCfg = Debug|Any CPU
		{F44119DA-328C-4872-995C-83351C84E37D}.Debug|x86.Build.0 = Debug|Any CPU
		{F44119DA-328C-4872-995C-83351C84E37D}.Release|Any CPU.ActiveCfg = Release|Any CPU
		{F44119DA-328C-4872-995C-83351C84E37D}.Release|Any CPU.Build.0 = Release|Any CPU
		{F44119DA-328C-4872-995C-83351C84E37D}.Release|x64.ActiveCfg = Release|Any CPU
		{F44119DA-328C-4872-995C-83351C84E37D}.Release|x64.Build.0 = Release|Any CPU
		{F44119DA-328C-4872-995C-83351C84E37D}.Release|x86.ActiveCfg = Release|Any CPU
		{F44119DA-328C-4872-995C-83351C84E37D}.Release|x86.Build.0 = Release|Any CPU
		{7CEAC06D-D50A-43C5-A9F8-96309E2FF369}.Debug|Any CPU.ActiveCfg = Debug|Any CPU
		{7CEAC06D-D50A-43C5-A9F8-96309E2FF369}.Debug|Any CPU.Build.0 = Debug|Any CPU
		{7CEAC06D-D50A-43C5-A9F8-96309E2FF369}.Debug|x64.ActiveCfg = Debug|Any CPU
		{7CEAC06D-D50A-43C5-A9F8-96309E2FF369}.Debug|x64.Build.0 = Debug|Any CPU
		{7CEAC06D-D50A-43C5-A9F8-96309E2FF369}.Debug|x86.ActiveCfg = Debug|Any CPU
		{7CEAC06D-D50A-43C5-A9F8-96309E2FF369}.Debug|x86.Build.0 = Debug|Any CPU
		{7CEAC06D-D50A-43C5-A9F8-96309E2FF369}.Release|Any CPU.ActiveCfg = Release|Any CPU
		{7CEAC06D-D50A-43C5-A9F8-96309E2FF369}.Release|Any CPU.Build.0 = Release|Any CPU
		{7CEAC06D-D50A-43C5-A9F8-96309E2FF369}.Release|x64.ActiveCfg = Release|Any CPU
		{7CEAC06D-D50A-43C5-A9F8-96309E2FF369}.Release|x64.Build.0 = Release|Any CPU
		{7CEAC06D-D50A-43C5-A9F8-96309E2FF369}.Release|x86.ActiveCfg = Release|Any CPU
		{7CEAC06D-D50A-43C5-A9F8-96309E2FF369}.Release|x86.Build.0 = Release|Any CPU
		{6447767F-59F0-4515-83A3-1D5036E70CEB}.Debug|Any CPU.ActiveCfg = Debug|Any CPU
		{6447767F-59F0-4515-83A3-1D5036E70CEB}.Debug|Any CPU.Build.0 = Debug|Any CPU
		{6447767F-59F0-4515-83A3-1D5036E70CEB}.Debug|x64.ActiveCfg = Debug|Any CPU
		{6447767F-59F0-4515-83A3-1D5036E70CEB}.Debug|x64.Build.0 = Debug|Any CPU
		{6447767F-59F0-4515-83A3-1D5036E70CEB}.Debug|x86.ActiveCfg = Debug|Any CPU
		{6447767F-59F0-4515-83A3-1D5036E70CEB}.Debug|x86.Build.0 = Debug|Any CPU
		{6447767F-59F0-4515-83A3-1D5036E70CEB}.Release|Any CPU.ActiveCfg = Release|Any CPU
		{6447767F-59F0-4515-83A3-1D5036E70CEB}.Release|Any CPU.Build.0 = Release|Any CPU
		{6447767F-59F0-4515-83A3-1D5036E70CEB}.Release|x64.ActiveCfg = Release|Any CPU
		{6447767F-59F0-4515-83A3-1D5036E70CEB}.Release|x64.Build.0 = Release|Any CPU
		{6447767F-59F0-4515-83A3-1D5036E70CEB}.Release|x86.ActiveCfg = Release|Any CPU
		{6447767F-59F0-4515-83A3-1D5036E70CEB}.Release|x86.Build.0 = Release|Any CPU
		{584F081C-AA31-4F7D-AA6A-66E29E881A07}.Debug|Any CPU.ActiveCfg = Debug|Any CPU
		{584F081C-AA31-4F7D-AA6A-66E29E881A07}.Debug|Any CPU.Build.0 = Debug|Any CPU
		{584F081C-AA31-4F7D-AA6A-66E29E881A07}.Debug|x64.ActiveCfg = Debug|Any CPU
		{584F081C-AA31-4F7D-AA6A-66E29E881A07}.Debug|x64.Build.0 = Debug|Any CPU
		{584F081C-AA31-4F7D-AA6A-66E29E881A07}.Debug|x86.ActiveCfg = Debug|Any CPU
		{584F081C-AA31-4F7D-AA6A-66E29E881A07}.Debug|x86.Build.0 = Debug|Any CPU
		{584F081C-AA31-4F7D-AA6A-66E29E881A07}.Release|Any CPU.ActiveCfg = Release|Any CPU
		{584F081C-AA31-4F7D-AA6A-66E29E881A07}.Release|Any CPU.Build.0 = Release|Any CPU
		{584F081C-AA31-4F7D-AA6A-66E29E881A07}.Release|x64.ActiveCfg = Release|Any CPU
		{584F081C-AA31-4F7D-AA6A-66E29E881A07}.Release|x64.Build.0 = Release|Any CPU
		{584F081C-AA31-4F7D-AA6A-66E29E881A07}.Release|x86.ActiveCfg = Release|Any CPU
		{584F081C-AA31-4F7D-AA6A-66E29E881A07}.Release|x86.Build.0 = Release|Any CPU
		{886CB2CB-BC29-426C-A393-9E607CEC5DC2}.Debug|Any CPU.ActiveCfg = Debug|Any CPU
		{886CB2CB-BC29-426C-A393-9E607CEC5DC2}.Debug|Any CPU.Build.0 = Debug|Any CPU
		{886CB2CB-BC29-426C-A393-9E607CEC5DC2}.Debug|x64.ActiveCfg = Debug|Any CPU
		{886CB2CB-BC29-426C-A393-9E607CEC5DC2}.Debug|x64.Build.0 = Debug|Any CPU
		{886CB2CB-BC29-426C-A393-9E607CEC5DC2}.Debug|x86.ActiveCfg = Debug|Any CPU
		{886CB2CB-BC29-426C-A393-9E607CEC5DC2}.Debug|x86.Build.0 = Debug|Any CPU
		{886CB2CB-BC29-426C-A393-9E607CEC5DC2}.Release|Any CPU.ActiveCfg = Release|Any CPU
		{886CB2CB-BC29-426C-A393-9E607CEC5DC2}.Release|Any CPU.Build.0 = Release|Any CPU
		{886CB2CB-BC29-426C-A393-9E607CEC5DC2}.Release|x64.ActiveCfg = Release|Any CPU
		{886CB2CB-BC29-426C-A393-9E607CEC5DC2}.Release|x64.Build.0 = Release|Any CPU
		{886CB2CB-BC29-426C-A393-9E607CEC5DC2}.Release|x86.ActiveCfg = Release|Any CPU
		{886CB2CB-BC29-426C-A393-9E607CEC5DC2}.Release|x86.Build.0 = Release|Any CPU
		{4F68DCB3-0C1B-4EC9-A97F-128CD3D7B0FA}.Debug|Any CPU.ActiveCfg = Debug|Any CPU
		{4F68DCB3-0C1B-4EC9-A97F-128CD3D7B0FA}.Debug|Any CPU.Build.0 = Debug|Any CPU
		{4F68DCB3-0C1B-4EC9-A97F-128CD3D7B0FA}.Debug|x64.ActiveCfg = Debug|Any CPU
		{4F68DCB3-0C1B-4EC9-A97F-128CD3D7B0FA}.Debug|x64.Build.0 = Debug|Any CPU
		{4F68DCB3-0C1B-4EC9-A97F-128CD3D7B0FA}.Debug|x86.ActiveCfg = Debug|Any CPU
		{4F68DCB3-0C1B-4EC9-A97F-128CD3D7B0FA}.Debug|x86.Build.0 = Debug|Any CPU
		{4F68DCB3-0C1B-4EC9-A97F-128CD3D7B0FA}.Release|Any CPU.ActiveCfg = Release|Any CPU
		{4F68DCB3-0C1B-4EC9-A97F-128CD3D7B0FA}.Release|Any CPU.Build.0 = Release|Any CPU
		{4F68DCB3-0C1B-4EC9-A97F-128CD3D7B0FA}.Release|x64.ActiveCfg = Release|Any CPU
		{4F68DCB3-0C1B-4EC9-A97F-128CD3D7B0FA}.Release|x64.Build.0 = Release|Any CPU
		{4F68DCB3-0C1B-4EC9-A97F-128CD3D7B0FA}.Release|x86.ActiveCfg = Release|Any CPU
		{4F68DCB3-0C1B-4EC9-A97F-128CD3D7B0FA}.Release|x86.Build.0 = Release|Any CPU
		{232AD6C8-08E9-45C3-99D8-EBEE4AEE680C}.Debug|Any CPU.ActiveCfg = Debug|Any CPU
		{232AD6C8-08E9-45C3-99D8-EBEE4AEE680C}.Debug|Any CPU.Build.0 = Debug|Any CPU
		{232AD6C8-08E9-45C3-99D8-EBEE4AEE680C}.Debug|x64.ActiveCfg = Debug|Any CPU
		{232AD6C8-08E9-45C3-99D8-EBEE4AEE680C}.Debug|x64.Build.0 = Debug|Any CPU
		{232AD6C8-08E9-45C3-99D8-EBEE4AEE680C}.Debug|x86.ActiveCfg = Debug|Any CPU
		{232AD6C8-08E9-45C3-99D8-EBEE4AEE680C}.Debug|x86.Build.0 = Debug|Any CPU
		{232AD6C8-08E9-45C3-99D8-EBEE4AEE680C}.Release|Any CPU.ActiveCfg = Release|Any CPU
		{232AD6C8-08E9-45C3-99D8-EBEE4AEE680C}.Release|Any CPU.Build.0 = Release|Any CPU
		{232AD6C8-08E9-45C3-99D8-EBEE4AEE680C}.Release|x64.ActiveCfg = Release|Any CPU
		{232AD6C8-08E9-45C3-99D8-EBEE4AEE680C}.Release|x64.Build.0 = Release|Any CPU
		{232AD6C8-08E9-45C3-99D8-EBEE4AEE680C}.Release|x86.ActiveCfg = Release|Any CPU
		{232AD6C8-08E9-45C3-99D8-EBEE4AEE680C}.Release|x86.Build.0 = Release|Any CPU
		{821916CA-61E6-46EB-B000-A2ED6DBB56CE}.Debug|Any CPU.ActiveCfg = Debug|Any CPU
		{821916CA-61E6-46EB-B000-A2ED6DBB56CE}.Debug|Any CPU.Build.0 = Debug|Any CPU
		{821916CA-61E6-46EB-B000-A2ED6DBB56CE}.Debug|x64.ActiveCfg = Debug|Any CPU
		{821916CA-61E6-46EB-B000-A2ED6DBB56CE}.Debug|x64.Build.0 = Debug|Any CPU
		{821916CA-61E6-46EB-B000-A2ED6DBB56CE}.Debug|x86.ActiveCfg = Debug|Any CPU
		{821916CA-61E6-46EB-B000-A2ED6DBB56CE}.Debug|x86.Build.0 = Debug|Any CPU
		{821916CA-61E6-46EB-B000-A2ED6DBB56CE}.Release|Any CPU.ActiveCfg = Release|Any CPU
		{821916CA-61E6-46EB-B000-A2ED6DBB56CE}.Release|Any CPU.Build.0 = Release|Any CPU
		{821916CA-61E6-46EB-B000-A2ED6DBB56CE}.Release|x64.ActiveCfg = Release|Any CPU
		{821916CA-61E6-46EB-B000-A2ED6DBB56CE}.Release|x64.Build.0 = Release|Any CPU
		{821916CA-61E6-46EB-B000-A2ED6DBB56CE}.Release|x86.ActiveCfg = Release|Any CPU
		{821916CA-61E6-46EB-B000-A2ED6DBB56CE}.Release|x86.Build.0 = Release|Any CPU
	EndGlobalSection
	GlobalSection(SolutionProperties) = preSolution
		HideSolutionNode = FALSE
	EndGlobalSection
	GlobalSection(NestedProjects) = preSolution
		{F44119DA-328C-4872-995C-83351C84E37D} = {827E0CD3-B72D-47B6-A68D-7590B98EB39B}
		{7CEAC06D-D50A-43C5-A9F8-96309E2FF369} = {827E0CD3-B72D-47B6-A68D-7590B98EB39B}
		{6447767F-59F0-4515-83A3-1D5036E70CEB} = {827E0CD3-B72D-47B6-A68D-7590B98EB39B}
		{584F081C-AA31-4F7D-AA6A-66E29E881A07} = {827E0CD3-B72D-47B6-A68D-7590B98EB39B}
		{886CB2CB-BC29-426C-A393-9E607CEC5DC2} = {0AB3BF05-4346-4AA6-1389-037BE0695223}
		{4F68DCB3-0C1B-4EC9-A97F-128CD3D7B0FA} = {0AB3BF05-4346-4AA6-1389-037BE0695223}
		{232AD6C8-08E9-45C3-99D8-EBEE4AEE680C} = {0AB3BF05-4346-4AA6-1389-037BE0695223}
		{821916CA-61E6-46EB-B000-A2ED6DBB56CE} = {0AB3BF05-4346-4AA6-1389-037BE0695223}
	EndGlobalSection
EndGlobal
